
Microsoft Visual Studio Solution File, Format Version 12.00
# Visual Studio Version 17
VisualStudioVersion = 17.2.32630.192
MinimumVisualStudioVersion = 10.0.40219.1
Project("{FAE04EC0-301F-11D3-BF4B-00C04F79EFBC}") = "LINQAssignment", "LINQAssignment.csproj", "{950F6CB6-6773-49E2-9880-3A4F976EA22D}"
EndProject
Global
	GlobalSection(SolutionConfigurationPlatforms) = preSolution
		Debug|Any CPU = Debug|Any CPU
		Release|Any CPU = Release|Any CPU
	EndGlobalSection
	GlobalSection(ProjectConfigurationPlatforms) = postSolution
		{950F6CB6-6773-49E2-9880-3A4F976EA22D}.Debug|Any CPU.ActiveCfg = Debug|Any CPU
		{950F6CB6-6773-49E2-9880-3A4F976EA22D}.Debug|Any CPU.Build.0 = Debug|Any CPU
		{950F6CB6-6773-49E2-9880-3A4F976EA22D}.Release|Any CPU.ActiveCfg = Release|Any CPU
		{950F6CB6-6773-49E2-9880-3A4F976EA22D}.Release|Any CPU.Build.0 = Release|Any CPU
	EndGlobalSection
	GlobalSection(SolutionProperties) = preSolution
		HideSolutionNode = FALSE
	EndGlobalSection
	GlobalSection(ExtensibilityGlobals) = postSolution
		SolutionGuid = {239B728E-CD0A-477A-A8D1-1C73BD2097E5}
	EndGlobalSection
EndGlobal
